{
  "requires": true,
  "lockfileVersion": 1,
  "dependencies": {
    "commander": {
      "version": "2.11.0",
      "resolved": "https://registry.npmjs.org/commander/-/commander-2.11.0.tgz",
      "integrity": "sha512-b0553uYA5YAEGgyYIGYROzKQ7X5RAqedkfjiZxwi0kL1g3bOaBNNZfYkzt/CL0umgD5wc9Jec2FbB98CjkMRvQ==",
      "dev": true
    },
    "rollup-plugin-uglify": {
      "version": "2.0.1",
      "resolved": "https://registry.npmjs.org/rollup-plugin-uglify/-/rollup-plugin-uglify-2.0.1.tgz",
      "integrity": "sha1-Z7N60e/a+9g69MNrQMGJ7khmyWk=",
      "dev": true,
      "requires": {
        "uglify-js": "3.0.27"
      }
    },
    "source-map": {
      "version": "0.5.6",
      "resolved": "https://registry.npmjs.org/source-map/-/source-map-0.5.6.tgz",
      "integrity": "sha1-dc449SvwczxafwwRjYEzSiu19BI=",
      "dev": true
    },
    "uglify-js": {
      "version": "3.0.27",
      "resolved": "https://registry.npmjs.org/uglify-js/-/uglify-js-3.0.27.tgz",
      "integrity": "sha512-HD8CmxPXUI62v5tweiulMcP/apAtx1DXGcNZkhKQZyC+MTrTsoCBb8yPAwVrbvpgw3EpRU76bRe6axjIiCYcQg==",
      "dev": true,
      "requires": {
        "commander": "2.11.0",
        "source-map": "0.5.6"
      }
    }
  }
}
